
Microsoft Visual Studio Solution File, Format Version 12.00
# Visual Studio Version 16
VisualStudioVersion = 16.0.30204.135
MinimumVisualStudioVersion = 10.0.40219.1
Project("{FAE04EC0-301F-11D3-BF4B-00C04F79EFBC}") = "NSMIAHost", "NSMIAHost.csproj", "{0C867457-C014-4B28-939A-AB1537770A9D}"
EndProject
Project("{FAE04EC0-301F-11D3-BF4B-00C04F79EFBC}") = "NSMIATest", "..\NSMIATest\NSMIATest.csproj", "{339DB04A-64DE-4993-860A-C4A411118F6C}"
EndProject
Project("{FAE04EC0-301F-11D3-BF4B-00C04F79EFBC}") = "NSMIALib", "..\NSMIALib\NSMIALib.csproj", "{8532BFA1-91E5-48AB-B46E-C115EEA13645}"
EndProject
Global
	GlobalSection(SolutionConfigurationPlatforms) = preSolution
		Debug|Any CPU = Debug|Any CPU
		Release|Any CPU = Release|Any CPU
	EndGlobalSection
	GlobalSection(ProjectConfigurationPlatforms) = postSolution
		{0C867457-C014-4B28-939A-AB1537770A9D}.Debug|Any CPU.ActiveCfg = Debug|Any CPU
		{0C867457-C014-4B28-939A-AB1537770A9D}.Debug|Any CPU.Build.0 = Debug|Any CPU
		{0C867457-C014-4B28-939A-AB1537770A9D}.Release|Any CPU.ActiveCfg = Release|Any CPU
		{0C867457-C014-4B28-939A-AB1537770A9D}.Release|Any CPU.Build.0 = Release|Any CPU
		{339DB04A-64DE-4993-860A-C4A411118F6C}.Debug|Any CPU.ActiveCfg = Debug|Any CPU
		{339DB04A-64DE-4993-860A-C4A411118F6C}.Debug|Any CPU.Build.0 = Debug|Any CPU
		{339DB04A-64DE-4993-860A-C4A411118F6C}.Release|Any CPU.ActiveCfg = Release|Any CPU
		{339DB04A-64DE-4993-860A-C4A411118F6C}.Release|Any CPU.Build.0 = Release|Any CPU
		{8532BFA1-91E5-48AB-B46E-C115EEA13645}.Debug|Any CPU.ActiveCfg = Debug|Any CPU
		{8532BFA1-91E5-48AB-B46E-C115EEA13645}.Debug|Any CPU.Build.0 = Debug|Any CPU
		{8532BFA1-91E5-48AB-B46E-C115EEA13645}.Release|Any CPU.ActiveCfg = Release|Any CPU
		{8532BFA1-91E5-48AB-B46E-C115EEA13645}.Release|Any CPU.Build.0 = Release|Any CPU
	EndGlobalSection
	GlobalSection(SolutionProperties) = preSolution
		HideSolutionNode = FALSE
	EndGlobalSection
	GlobalSection(ExtensibilityGlobals) = postSolution
		SolutionGuid = {BE4467ED-9CA8-47A0-9F1F-9C1B24BC30E4}
	EndGlobalSection
EndGlobal
